{
  "name": "casper2-whatsapp",
  "version": "1.0.0",
  "lockfileVersion": 3,
  "requires": true,
  "packages": {
    "": {
      "name": "casper2-whatsapp",
      "version": "1.0.0",
      "license": "MIT",
      "dependencies": {
        "@whiskeysockets/baileys": "^6.7.8",
        "express": "^4.18.2",
        "qrcode-terminal": "^0.12.0",
        "pino": "^8.19.0"
      }
    }
  }
}
